
Microsoft Visual Studio Solution File, Format Version 12.00
# Visual Studio 15
VisualStudioVersion = 15.0.28307.1169
MinimumVisualStudioVersion = 10.0.40219.1
Project("{FAE04EC0-301F-11D3-BF4B-00C04F79EFBC}") = "PassKeep", "PassKeep\PassKeep.csproj", "{65059648-E837-45C0-87C4-539881140097}"
EndProject
Global
	GlobalSection(SolutionConfigurationPlatforms) = preSolution
		Debug|Any CPU = Debug|Any CPU
		Debug|x64 = Debug|x64
		Release|Any CPU = Release|Any CPU
		Release|x64 = Release|x64
	EndGlobalSection
	GlobalSection(ProjectConfigurationPlatforms) = postSolution
		{65059648-E837-45C0-87C4-539881140097}.Debug|Any CPU.ActiveCfg = Debug|Any CPU
		{65059648-E837-45C0-87C4-539881140097}.Debug|Any CPU.Build.0 = Debug|Any CPU
		{65059648-E837-45C0-87C4-539881140097}.Debug|x64.ActiveCfg = Debug|x64
		{65059648-E837-45C0-87C4-539881140097}.Debug|x64.Build.0 = Debug|x64
		{65059648-E837-45C0-87C4-539881140097}.Release|Any CPU.ActiveCfg = Release|Any CPU
		{65059648-E837-45C0-87C4-539881140097}.Release|Any CPU.Build.0 = Release|Any CPU
		{65059648-E837-45C0-87C4-539881140097}.Release|x64.ActiveCfg = Release|x64
		{65059648-E837-45C0-87C4-539881140097}.Release|x64.Build.0 = Release|x64
	EndGlobalSection
	GlobalSection(SolutionProperties) = preSolution
		HideSolutionNode = FALSE
	EndGlobalSection
	GlobalSection(ExtensibilityGlobals) = postSolution
		SolutionGuid = {A5E30FCE-BFD0-4037-AB19-ECAF5CA4F3BC}
	EndGlobalSection
EndGlobal
